
Microsoft Visual Studio Solution File, Format Version 12.00
# Visual Studio Version 16
VisualStudioVersion = 16.0.30105.148
MinimumVisualStudioVersion = 10.0.40219.1
Project("{00D1A9C2-B5F0-4AF3-8072-F6C62B433612}") = "HotelAppDB", "HotelAppDB\HotelAppDB.sqlproj", "{74CCB8D6-7A65-4EF7-91D7-2F4221C98BAC}"
EndProject
Global
	GlobalSection(SolutionConfigurationPlatforms) = preSolution
		Debug|Any CPU = Debug|Any CPU
		Release|Any CPU = Release|Any CPU
	EndGlobalSection
	GlobalSection(ProjectConfigurationPlatforms) = postSolution
		{74CCB8D6-7A65-4EF7-91D7-2F4221C98BAC}.Debug|Any CPU.ActiveCfg = Debug|Any CPU
		{74CCB8D6-7A65-4EF7-91D7-2F4221C98BAC}.Debug|Any CPU.Build.0 = Debug|Any CPU
		{74CCB8D6-7A65-4EF7-91D7-2F4221C98BAC}.Debug|Any CPU.Deploy.0 = Debug|Any CPU
		{74CCB8D6-7A65-4EF7-91D7-2F4221C98BAC}.Release|Any CPU.ActiveCfg = Release|Any CPU
		{74CCB8D6-7A65-4EF7-91D7-2F4221C98BAC}.Release|Any CPU.Build.0 = Release|Any CPU
		{74CCB8D6-7A65-4EF7-91D7-2F4221C98BAC}.Release|Any CPU.Deploy.0 = Release|Any CPU
	EndGlobalSection
	GlobalSection(SolutionProperties) = preSolution
		HideSolutionNode = FALSE
	EndGlobalSection
	GlobalSection(ExtensibilityGlobals) = postSolution
		SolutionGuid = {5FEF8169-BC72-4C3B-8A2D-E064A59DB82E}
	EndGlobalSection
EndGlobal
